
Microsoft Visual Studio Solution File, Format Version 12.00
# Visual Studio 2012
Project("{FAE04EC0-301F-11D3-BF4B-00C04F79EFBC}") = "Exercise9", "Exercise9\Exercise9.csproj", "{74FA4CD6-279A-4150-BA3E-B8EEDA1BE7FE}"
EndProject
Global
	GlobalSection(SolutionConfigurationPlatforms) = preSolution
		Debug|Any CPU = Debug|Any CPU
		Release|Any CPU = Release|Any CPU
	EndGlobalSection
	GlobalSection(ProjectConfigurationPlatforms) = postSolution
		{74FA4CD6-279A-4150-BA3E-B8EEDA1BE7FE}.Debug|Any CPU.ActiveCfg = Debug|Any CPU
		{74FA4CD6-279A-4150-BA3E-B8EEDA1BE7FE}.Debug|Any CPU.Build.0 = Debug|Any CPU
		{74FA4CD6-279A-4150-BA3E-B8EEDA1BE7FE}.Release|Any CPU.ActiveCfg = Release|Any CPU
		{74FA4CD6-279A-4150-BA3E-B8EEDA1BE7FE}.Release|Any CPU.Build.0 = Release|Any CPU
	EndGlobalSection
	GlobalSection(SolutionProperties) = preSolution
		HideSolutionNode = FALSE
	EndGlobalSection
EndGlobal
